
Microsoft Visual Studio Solution File, Format Version 11.00
# Visual Studio 2010
Project("{FAE04EC0-301F-11D3-BF4B-00C04F79EFBC}") = "QLPT", "QLPT\QLPT.csproj", "{E5989D6B-4729-49A5-B7D7-D53DE328F5B2}"
EndProject
Project("{FAE04EC0-301F-11D3-BF4B-00C04F79EFBC}") = "DataAcess", "DataAcess\DataAcess.csproj", "{CE7A6A2B-5428-4BC7-8960-70FA769C5C1D}"
EndProject
Project("{FAE04EC0-301F-11D3-BF4B-00C04F79EFBC}") = "BusinessLogic", "BusinessLogic\BusinessLogic.csproj", "{4606611B-8CC5-4ED3-A639-4E3A037E7EBB}"
EndProject
Project("{FAE04EC0-301F-11D3-BF4B-00C04F79EFBC}") = "Component", "Component\Component.csproj", "{6B2B3A1D-CAD2-4F03-A3B6-1BBCA7F61FAE}"
EndProject
Project("{FAE04EC0-301F-11D3-BF4B-00C04F79EFBC}") = "GenerateData", "GenerateData\GenerateData.csproj", "{614934C1-2F38-4550-8602-37CC59466F63}"
EndProject
Project("{2150E333-8FDC-42A3-9474-1A3956D46DE8}") = "GUI", "GUI", "{0B15126C-A835-4373-8010-102040230A63}"
EndProject
Project("{2150E333-8FDC-42A3-9474-1A3956D46DE8}") = "BUS", "BUS", "{60F4D471-568A-4C9A-B98C-305511EF2CC8}"
EndProject
Project("{2150E333-8FDC-42A3-9474-1A3956D46DE8}") = "DAL", "DAL", "{11700F15-496B-41E6-B0AC-5D6D7E6FF37E}"
EndProject
Global
	GlobalSection(SolutionConfigurationPlatforms) = preSolution
		Debug|Any CPU = Debug|Any CPU
		Debug|Mixed Platforms = Debug|Mixed Platforms
		Debug|x86 = Debug|x86
		Release|Any CPU = Release|Any CPU
		Release|Mixed Platforms = Release|Mixed Platforms
		Release|x86 = Release|x86
	EndGlobalSection
	GlobalSection(ProjectConfigurationPlatforms) = postSolution
		{E5989D6B-4729-49A5-B7D7-D53DE328F5B2}.Debug|Any CPU.ActiveCfg = Debug|x86
		{E5989D6B-4729-49A5-B7D7-D53DE328F5B2}.Debug|Mixed Platforms.ActiveCfg = Debug|x86
		{E5989D6B-4729-49A5-B7D7-D53DE328F5B2}.Debug|Mixed Platforms.Build.0 = Debug|x86
		{E5989D6B-4729-49A5-B7D7-D53DE328F5B2}.Debug|x86.ActiveCfg = Debug|x86
		{E5989D6B-4729-49A5-B7D7-D53DE328F5B2}.Debug|x86.Build.0 = Debug|x86
		{E5989D6B-4729-49A5-B7D7-D53DE328F5B2}.Release|Any CPU.ActiveCfg = Release|x86
		{E5989D6B-4729-49A5-B7D7-D53DE328F5B2}.Release|Mixed Platforms.ActiveCfg = Release|x86
		{E5989D6B-4729-49A5-B7D7-D53DE328F5B2}.Release|Mixed Platforms.Build.0 = Release|x86
		{E5989D6B-4729-49A5-B7D7-D53DE328F5B2}.Release|x86.ActiveCfg = Release|x86
		{E5989D6B-4729-49A5-B7D7-D53DE328F5B2}.Release|x86.Build.0 = Release|x86
		{CE7A6A2B-5428-4BC7-8960-70FA769C5C1D}.Debug|Any CPU.ActiveCfg = Debug|Any CPU
		{CE7A6A2B-5428-4BC7-8960-70FA769C5C1D}.Debug|Any CPU.Build.0 = Debug|Any CPU
		{CE7A6A2B-5428-4BC7-8960-70FA769C5C1D}.Debug|Mixed Platforms.ActiveCfg = Debug|Any CPU
		{CE7A6A2B-5428-4BC7-8960-70FA769C5C1D}.Debug|Mixed Platforms.Build.0 = Debug|Any CPU
		{CE7A6A2B-5428-4BC7-8960-70FA769C5C1D}.Debug|x86.ActiveCfg = Debug|Any CPU
		{CE7A6A2B-5428-4BC7-8960-70FA769C5C1D}.Release|Any CPU.ActiveCfg = Release|Any CPU
		{CE7A6A2B-5428-4BC7-8960-70FA769C5C1D}.Release|Any CPU.Build.0 = Release|Any CPU
		{CE7A6A2B-5428-4BC7-8960-70FA769C5C1D}.Release|Mixed Platforms.ActiveCfg = Release|Any CPU
		{CE7A6A2B-5428-4BC7-8960-70FA769C5C1D}.Release|Mixed Platforms.Build.0 = Release|Any CPU
		{CE7A6A2B-5428-4BC7-8960-70FA769C5C1D}.Release|x86.ActiveCfg = Release|Any CPU
		{4606611B-8CC5-4ED3-A639-4E3A037E7EBB}.Debug|Any CPU.ActiveCfg = Debug|Any CPU
		{4606611B-8CC5-4ED3-A639-4E3A037E7EBB}.Debug|Any CPU.Build.0 = Debug|Any CPU
		{4606611B-8CC5-4ED3-A639-4E3A037E7EBB}.Debug|Mixed Platforms.ActiveCfg = Debug|Any CPU
		{4606611B-8CC5-4ED3-A639-4E3A037E7EBB}.Debug|Mixed Platforms.Build.0 = Debug|Any CPU
		{4606611B-8CC5-4ED3-A639-4E3A037E7EBB}.Debug|x86.ActiveCfg = Debug|Any CPU
		{4606611B-8CC5-4ED3-A639-4E3A037E7EBB}.Release|Any CPU.ActiveCfg = Release|Any CPU
		{4606611B-8CC5-4ED3-A639-4E3A037E7EBB}.Release|Any CPU.Build.0 = Release|Any CPU
		{4606611B-8CC5-4ED3-A639-4E3A037E7EBB}.Release|Mixed Platforms.ActiveCfg = Release|Any CPU
		{4606611B-8CC5-4ED3-A639-4E3A037E7EBB}.Release|Mixed Platforms.Build.0 = Release|Any CPU
		{4606611B-8CC5-4ED3-A639-4E3A037E7EBB}.Release|x86.ActiveCfg = Release|Any CPU
		{6B2B3A1D-CAD2-4F03-A3B6-1BBCA7F61FAE}.Debug|Any CPU.ActiveCfg = Debug|Any CPU
		{6B2B3A1D-CAD2-4F03-A3B6-1BBCA7F61FAE}.Debug|Any CPU.Build.0 = Debug|Any CPU
		{6B2B3A1D-CAD2-4F03-A3B6-1BBCA7F61FAE}.Debug|Mixed Platforms.ActiveCfg = Debug|Any CPU
		{6B2B3A1D-CAD2-4F03-A3B6-1BBCA7F61FAE}.Debug|Mixed Platforms.Build.0 = Debug|Any CPU
		{6B2B3A1D-CAD2-4F03-A3B6-1BBCA7F61FAE}.Debug|x86.ActiveCfg = Debug|Any CPU
		{6B2B3A1D-CAD2-4F03-A3B6-1BBCA7F61FAE}.Release|Any CPU.ActiveCfg = Release|Any CPU
		{6B2B3A1D-CAD2-4F03-A3B6-1BBCA7F61FAE}.Release|Any CPU.Build.0 = Release|Any CPU
		{6B2B3A1D-CAD2-4F03-A3B6-1BBCA7F61FAE}.Release|Mixed Platforms.ActiveCfg = Release|Any CPU
		{6B2B3A1D-CAD2-4F03-A3B6-1BBCA7F61FAE}.Release|Mixed Platforms.Build.0 = Release|Any CPU
		{6B2B3A1D-CAD2-4F03-A3B6-1BBCA7F61FAE}.Release|x86.ActiveCfg = Release|Any CPU
		{614934C1-2F38-4550-8602-37CC59466F63}.Debug|Any CPU.ActiveCfg = Debug|x86
		{614934C1-2F38-4550-8602-37CC59466F63}.Debug|Mixed Platforms.ActiveCfg = Debug|x86
		{614934C1-2F38-4550-8602-37CC59466F63}.Debug|Mixed Platforms.Build.0 = Debug|x86
		{614934C1-2F38-4550-8602-37CC59466F63}.Debug|x86.ActiveCfg = Debug|x86
		{614934C1-2F38-4550-8602-37CC59466F63}.Debug|x86.Build.0 = Debug|x86
		{614934C1-2F38-4550-8602-37CC59466F63}.Release|Any CPU.ActiveCfg = Release|x86
		{614934C1-2F38-4550-8602-37CC59466F63}.Release|Mixed Platforms.ActiveCfg = Release|x86
		{614934C1-2F38-4550-8602-37CC59466F63}.Release|Mixed Platforms.Build.0 = Release|x86
		{614934C1-2F38-4550-8602-37CC59466F63}.Release|x86.ActiveCfg = Release|x86
		{614934C1-2F38-4550-8602-37CC59466F63}.Release|x86.Build.0 = Release|x86
	EndGlobalSection
	GlobalSection(SolutionProperties) = preSolution
		HideSolutionNode = FALSE
	EndGlobalSection
	GlobalSection(NestedProjects) = preSolution
		{E5989D6B-4729-49A5-B7D7-D53DE328F5B2} = {0B15126C-A835-4373-8010-102040230A63}
		{4606611B-8CC5-4ED3-A639-4E3A037E7EBB} = {60F4D471-568A-4C9A-B98C-305511EF2CC8}
		{6B2B3A1D-CAD2-4F03-A3B6-1BBCA7F61FAE} = {60F4D471-568A-4C9A-B98C-305511EF2CC8}
		{614934C1-2F38-4550-8602-37CC59466F63} = {60F4D471-568A-4C9A-B98C-305511EF2CC8}
		{CE7A6A2B-5428-4BC7-8960-70FA769C5C1D} = {11700F15-496B-41E6-B0AC-5D6D7E6FF37E}
	EndGlobalSection
EndGlobal
