
Microsoft Visual Studio Solution File, Format Version 11.00
# Visual Studio 2010
Project("{FAE04EC0-301F-11D3-BF4B-00C04F79EFBC}") = "bài tập 2", "bài tập 2\bài tập 2.csproj", "{ADC0D15D-BE7C-4023-ADA6-F9814ABE059E}"
EndProject
Global
	GlobalSection(SolutionConfigurationPlatforms) = preSolution
		Debug|x86 = Debug|x86
		Release|x86 = Release|x86
	EndGlobalSection
	GlobalSection(ProjectConfigurationPlatforms) = postSolution
		{ADC0D15D-BE7C-4023-ADA6-F9814ABE059E}.Debug|x86.ActiveCfg = Debug|x86
		{ADC0D15D-BE7C-4023-ADA6-F9814ABE059E}.Debug|x86.Build.0 = Debug|x86
		{ADC0D15D-BE7C-4023-ADA6-F9814ABE059E}.Release|x86.ActiveCfg = Release|x86
		{ADC0D15D-BE7C-4023-ADA6-F9814ABE059E}.Release|x86.Build.0 = Release|x86
	EndGlobalSection
	GlobalSection(SolutionProperties) = preSolution
		HideSolutionNode = FALSE
	EndGlobalSection
EndGlobal
