
Microsoft Visual Studio Solution File, Format Version 11.00
# Visual Studio 2010
Project("{FAE04EC0-301F-11D3-BF4B-00C04F79EFBC}") = "EX_two", "EX_two\EX_two.csproj", "{B3A66B16-B333-4C44-9924-A53DA00042BB}"
EndProject
Global
	GlobalSection(SolutionConfigurationPlatforms) = preSolution
		Debug|x86 = Debug|x86
		Release|x86 = Release|x86
	EndGlobalSection
	GlobalSection(ProjectConfigurationPlatforms) = postSolution
		{B3A66B16-B333-4C44-9924-A53DA00042BB}.Debug|x86.ActiveCfg = Debug|x86
		{B3A66B16-B333-4C44-9924-A53DA00042BB}.Debug|x86.Build.0 = Debug|x86
		{B3A66B16-B333-4C44-9924-A53DA00042BB}.Release|x86.ActiveCfg = Release|x86
		{B3A66B16-B333-4C44-9924-A53DA00042BB}.Release|x86.Build.0 = Release|x86
	EndGlobalSection
	GlobalSection(SolutionProperties) = preSolution
		HideSolutionNode = FALSE
	EndGlobalSection
EndGlobal
