
Microsoft Visual Studio Solution File, Format Version 11.00
# Visual Studio 2010
Project("{FAE04EC0-301F-11D3-BF4B-00C04F79EFBC}") = "bai2_matran", "bai2_matran\bai2_matran.csproj", "{9CD55E5E-7505-4C6E-A50E-E6E2C0091ECB}"
EndProject
Global
	GlobalSection(SolutionConfigurationPlatforms) = preSolution
		Debug|x86 = Debug|x86
		Release|x86 = Release|x86
	EndGlobalSection
	GlobalSection(ProjectConfigurationPlatforms) = postSolution
		{9CD55E5E-7505-4C6E-A50E-E6E2C0091ECB}.Debug|x86.ActiveCfg = Debug|x86
		{9CD55E5E-7505-4C6E-A50E-E6E2C0091ECB}.Debug|x86.Build.0 = Debug|x86
		{9CD55E5E-7505-4C6E-A50E-E6E2C0091ECB}.Release|x86.ActiveCfg = Release|x86
		{9CD55E5E-7505-4C6E-A50E-E6E2C0091ECB}.Release|x86.Build.0 = Release|x86
	EndGlobalSection
	GlobalSection(SolutionProperties) = preSolution
		HideSolutionNode = FALSE
	EndGlobalSection
EndGlobal
