
Microsoft Visual Studio Solution File, Format Version 11.00
# Visual Studio 2010
Project("{FAE04EC0-301F-11D3-BF4B-00C04F79EFBC}") = "WFC - Assignment", "WFC - Assignment\WFC - Assignment.csproj", "{CFE7390D-6E7E-48F6-811A-745CA62B6875}"
EndProject
Global
	GlobalSection(SolutionConfigurationPlatforms) = preSolution
		Debug|x86 = Debug|x86
		Release|x86 = Release|x86
	EndGlobalSection
	GlobalSection(ProjectConfigurationPlatforms) = postSolution
		{CFE7390D-6E7E-48F6-811A-745CA62B6875}.Debug|x86.ActiveCfg = Debug|x86
		{CFE7390D-6E7E-48F6-811A-745CA62B6875}.Debug|x86.Build.0 = Debug|x86
		{CFE7390D-6E7E-48F6-811A-745CA62B6875}.Release|x86.ActiveCfg = Release|x86
		{CFE7390D-6E7E-48F6-811A-745CA62B6875}.Release|x86.Build.0 = Release|x86
	EndGlobalSection
	GlobalSection(SolutionProperties) = preSolution
		HideSolutionNode = FALSE
	EndGlobalSection
EndGlobal
