
Microsoft Visual Studio Solution File, Format Version 11.00
# Visual Studio 2010
Project("{FAE04EC0-301F-11D3-BF4B-00C04F79EFBC}") = "DataGreadView", "DataGreadView.csproj", "{3F0CBA81-6E61-44FF-9983-13B6F0FFC099}"
EndProject
Global
	GlobalSection(SolutionConfigurationPlatforms) = preSolution
		Debug|x86 = Debug|x86
		Release|x86 = Release|x86
	EndGlobalSection
	GlobalSection(ProjectConfigurationPlatforms) = postSolution
		{3F0CBA81-6E61-44FF-9983-13B6F0FFC099}.Debug|x86.ActiveCfg = Debug|x86
		{3F0CBA81-6E61-44FF-9983-13B6F0FFC099}.Debug|x86.Build.0 = Debug|x86
		{3F0CBA81-6E61-44FF-9983-13B6F0FFC099}.Release|x86.ActiveCfg = Release|x86
		{3F0CBA81-6E61-44FF-9983-13B6F0FFC099}.Release|x86.Build.0 = Release|x86
	EndGlobalSection
	GlobalSection(SolutionProperties) = preSolution
		HideSolutionNode = FALSE
	EndGlobalSection
EndGlobal
