
Microsoft Visual Studio Solution File, Format Version 11.00
# Visual Studio 2010
Project("{FAE04EC0-301F-11D3-BF4B-00C04F79EFBC}") = "EX_three", "EX_three\EX_three.csproj", "{B7172BA1-7B2F-4CB2-927D-4D5F7F48CBC1}"
EndProject
Global
	GlobalSection(SolutionConfigurationPlatforms) = preSolution
		Debug|x86 = Debug|x86
		Release|x86 = Release|x86
	EndGlobalSection
	GlobalSection(ProjectConfigurationPlatforms) = postSolution
		{B7172BA1-7B2F-4CB2-927D-4D5F7F48CBC1}.Debug|x86.ActiveCfg = Debug|x86
		{B7172BA1-7B2F-4CB2-927D-4D5F7F48CBC1}.Debug|x86.Build.0 = Debug|x86
		{B7172BA1-7B2F-4CB2-927D-4D5F7F48CBC1}.Release|x86.ActiveCfg = Release|x86
		{B7172BA1-7B2F-4CB2-927D-4D5F7F48CBC1}.Release|x86.Build.0 = Release|x86
	EndGlobalSection
	GlobalSection(SolutionProperties) = preSolution
		HideSolutionNode = FALSE
	EndGlobalSection
EndGlobal
