
Microsoft Visual Studio Solution File, Format Version 10.00
# Visual Studio 2008
Project("{FAE04EC0-301F-11D3-BF4B-00C04F79EFBC}") = "BT2_Server", "BT2_Server\BT2_Server.csproj", "{2F99656F-0C9A-45E2-88AA-791B3D50DD54}"
EndProject
Global
	GlobalSection(SolutionConfigurationPlatforms) = preSolution
		Debug|Any CPU = Debug|Any CPU
		Release|Any CPU = Release|Any CPU
	EndGlobalSection
	GlobalSection(ProjectConfigurationPlatforms) = postSolution
		{2F99656F-0C9A-45E2-88AA-791B3D50DD54}.Debug|Any CPU.ActiveCfg = Debug|Any CPU
		{2F99656F-0C9A-45E2-88AA-791B3D50DD54}.Debug|Any CPU.Build.0 = Debug|Any CPU
		{2F99656F-0C9A-45E2-88AA-791B3D50DD54}.Release|Any CPU.ActiveCfg = Release|Any CPU
		{2F99656F-0C9A-45E2-88AA-791B3D50DD54}.Release|Any CPU.Build.0 = Release|Any CPU
	EndGlobalSection
	GlobalSection(SolutionProperties) = preSolution
		HideSolutionNode = FALSE
	EndGlobalSection
EndGlobal
