
Microsoft Visual Studio Solution File, Format Version 11.00
# Visual Studio 2010
Project("{FAE04EC0-301F-11D3-BF4B-00C04F79EFBC}") = "Tinh tong n so", "Tinh tong n so\Tinh tong n so.csproj", "{25A800B1-083F-4C60-BF87-88A1DC784CAF}"
EndProject
Global
	GlobalSection(SolutionConfigurationPlatforms) = preSolution
		Debug|x86 = Debug|x86
		Release|x86 = Release|x86
	EndGlobalSection
	GlobalSection(ProjectConfigurationPlatforms) = postSolution
		{25A800B1-083F-4C60-BF87-88A1DC784CAF}.Debug|x86.ActiveCfg = Debug|x86
		{25A800B1-083F-4C60-BF87-88A1DC784CAF}.Debug|x86.Build.0 = Debug|x86
		{25A800B1-083F-4C60-BF87-88A1DC784CAF}.Release|x86.ActiveCfg = Release|x86
		{25A800B1-083F-4C60-BF87-88A1DC784CAF}.Release|x86.Build.0 = Release|x86
	EndGlobalSection
	GlobalSection(SolutionProperties) = preSolution
		HideSolutionNode = FALSE
	EndGlobalSection
EndGlobal
