
Microsoft Visual Studio Solution File, Format Version 10.00
# Visual Studio 2008
Project("{FAE04EC0-301F-11D3-BF4B-00C04F79EFBC}") = "MayTinh_Server", "MayTinh_Server\MayTinh_Server.csproj", "{3CFD06B0-7C5C-41D1-A3A7-EB76CA23929D}"
EndProject
Global
	GlobalSection(SolutionConfigurationPlatforms) = preSolution
		Debug|Any CPU = Debug|Any CPU
		Release|Any CPU = Release|Any CPU
	EndGlobalSection
	GlobalSection(ProjectConfigurationPlatforms) = postSolution
		{3CFD06B0-7C5C-41D1-A3A7-EB76CA23929D}.Debug|Any CPU.ActiveCfg = Debug|Any CPU
		{3CFD06B0-7C5C-41D1-A3A7-EB76CA23929D}.Debug|Any CPU.Build.0 = Debug|Any CPU
		{3CFD06B0-7C5C-41D1-A3A7-EB76CA23929D}.Release|Any CPU.ActiveCfg = Release|Any CPU
		{3CFD06B0-7C5C-41D1-A3A7-EB76CA23929D}.Release|Any CPU.Build.0 = Release|Any CPU
	EndGlobalSection
	GlobalSection(SolutionProperties) = preSolution
		HideSolutionNode = FALSE
	EndGlobalSection
EndGlobal
